
Microsoft Visual Studio Solution File, Format Version 12.00
# Visual Studio Version 16
VisualStudioVersion = 16.0.31112.23
MinimumVisualStudioVersion = 10.0.40219.1
Project("{FAE04EC0-301F-11D3-BF4B-00C04F79EFBC}") = "exercício", "exercício\exercício.csproj", "{FDC5F8B6-7ECE-4B28-9903-B606E196350E}"
EndProject
Global
	GlobalSection(SolutionConfigurationPlatforms) = preSolution
		Debug|Any CPU = Debug|Any CPU
		Release|Any CPU = Release|Any CPU
	EndGlobalSection
	GlobalSection(ProjectConfigurationPlatforms) = postSolution
		{FDC5F8B6-7ECE-4B28-9903-B606E196350E}.Debug|Any CPU.ActiveCfg = Debug|Any CPU
		{FDC5F8B6-7ECE-4B28-9903-B606E196350E}.Debug|Any CPU.Build.0 = Debug|Any CPU
		{FDC5F8B6-7ECE-4B28-9903-B606E196350E}.Release|Any CPU.ActiveCfg = Release|Any CPU
		{FDC5F8B6-7ECE-4B28-9903-B606E196350E}.Release|Any CPU.Build.0 = Release|Any CPU
	EndGlobalSection
	GlobalSection(SolutionProperties) = preSolution
		HideSolutionNode = FALSE
	EndGlobalSection
	GlobalSection(ExtensibilityGlobals) = postSolution
		SolutionGuid = {CAEDE787-689F-4B4A-9B22-73D11992783C}
	EndGlobalSection
EndGlobal
